
Microsoft Visual Studio Solution File, Format Version 12.00
# Visual Studio Version 17
VisualStudioVersion = 17.3.32929.385
MinimumVisualStudioVersion = 10.0.40219.1
Project("{FAE04EC0-301F-11D3-BF4B-00C04F79EFBC}") = "RestaurantTablesService", "RestoranTablesService\RestaurantTablesService.csproj", "{BEBAD043-335F-452F-8DA9-6369A6FF41CE}"
EndProject
Global
	GlobalSection(SolutionConfigurationPlatforms) = preSolution
		Debug|Any CPU = Debug|Any CPU
		Release|Any CPU = Release|Any CPU
	EndGlobalSection
	GlobalSection(ProjectConfigurationPlatforms) = postSolution
		{BEBAD043-335F-452F-8DA9-6369A6FF41CE}.Debug|Any CPU.ActiveCfg = Debug|Any CPU
		{BEBAD043-335F-452F-8DA9-6369A6FF41CE}.Debug|Any CPU.Build.0 = Debug|Any CPU
		{BEBAD043-335F-452F-8DA9-6369A6FF41CE}.Release|Any CPU.ActiveCfg = Release|Any CPU
		{BEBAD043-335F-452F-8DA9-6369A6FF41CE}.Release|Any CPU.Build.0 = Release|Any CPU
	EndGlobalSection
	GlobalSection(SolutionProperties) = preSolution
		HideSolutionNode = FALSE
	EndGlobalSection
	GlobalSection(ExtensibilityGlobals) = postSolution
		SolutionGuid = {BBD4FA7C-1D3C-4F1C-BEEF-EAB26C351152}
	EndGlobalSection
EndGlobal
